
Microsoft Visual Studio Solution File, Format Version 12.00
# Visual Studio Version 16
VisualStudioVersion = 16.0.32802.440
MinimumVisualStudioVersion = 10.0.40219.1
Project("{888888A0-9F3D-457C-B088-3A5042F75D52}") = "parser_weather_forecast", "parser_weather_forecast\parser_weather_forecast.pyproj", "{E22336F0-3617-45E3-9DE3-A32F9EA9A7EE}"
EndProject
Global
	GlobalSection(SolutionConfigurationPlatforms) = preSolution
		Debug|Any CPU = Debug|Any CPU
		Release|Any CPU = Release|Any CPU
	EndGlobalSection
	GlobalSection(ProjectConfigurationPlatforms) = postSolution
		{E22336F0-3617-45E3-9DE3-A32F9EA9A7EE}.Debug|Any CPU.ActiveCfg = Debug|Any CPU
		{E22336F0-3617-45E3-9DE3-A32F9EA9A7EE}.Release|Any CPU.ActiveCfg = Release|Any CPU
	EndGlobalSection
	GlobalSection(SolutionProperties) = preSolution
		HideSolutionNode = FALSE
	EndGlobalSection
	GlobalSection(ExtensibilityGlobals) = postSolution
		SolutionGuid = {20A16CE7-34F1-4EEA-9143-1679A2B94912}
	EndGlobalSection
EndGlobal
